// !$*UTF8*$!
{
	archiveVersion = 1;
	classes = {
	};
	objectVersion = 46;
	objects = {

/* Begin PBXBuildFile section */
		4E8146F27512BE1826E06C36 /* Pods_LoginExampleSwift.framework in Frameworks */ = {isa = PBXBuildFile; fileRef = 2633A7C60E10203607F5F632 /* Pods_LoginExampleSwift.framework */; };
		833481DE54BB73AB6E05B8D3 /* Pods_LoginExampleSwiftTests.framework in Frameworks */ = {isa = PBXBuildFile; fileRef = 3F3E0411C23D0D0C296918CE /* Pods_LoginExampleSwiftTests.framework */; };
		93021DAF1CBEA883008A369E /* AppDelegate.swift in Sources */ = {isa = PBXBuildFile; fileRef = 93021DAE1CBEA883008A369E /* AppDelegate.swift */; };
		93021DB11CBEA883008A369E /* ViewController.swift in Sources */ = {isa = PBXBuildFile; fileRef = 93021DB01CBEA883008A369E /* ViewController.swift */; };
		93021DB41CBEA883008A369E /* Main.storyboard in Resources */ = {isa = PBXBuildFile; fileRef = 93021DB21CBEA883008A369E /* Main.storyboard */; };
		93021DB61CBEA883008A369E /* Assets.xcassets in Resources */ = {isa = PBXBuildFile; fileRef = 93021DB51CBEA883008A369E /* Assets.xcassets */; };
		93021DB91CBEA883008A369E /* LaunchScreen.storyboard in Resources */ = {isa = PBXBuildFile; fileRef = 93021DB71CBEA883008A369E /* LaunchScreen.storyboard */; };
		93021DC41CBEA884008A369E /* LoginExampleSwiftTests.swift in Sources */ = {isa = PBXBuildFile; fileRef = 93021DC31CBEA884008A369E /* LoginExampleSwiftTests.swift */; };
		93021DCF1CBEA884008A369E /* LoginExampleSwiftUITests.swift in Sources */ = {isa = PBXBuildFile; fileRef = 93021DCE1CBEA884008A369E /* LoginExampleSwiftUITests.swift */; };
		9308C49F1CC1268600580524 /* Constants.swift in Sources */ = {isa = PBXBuildFile; fileRef = 9308C49E1CC1268600580524 /* Constants.swift */; };
		9368D0821CC1280900D094AE /* DataService.swift in Sources */ = {isa = PBXBuildFile; fileRef = 9368D0811CC1280900D094AE /* DataService.swift */; };
		B68A721CA8C3FA2CD5B14CE9 /* CreateAccountViewController.swift in Sources */ = {isa = PBXBuildFile; fileRef = B68A733A25D2A8648F3FA888 /* CreateAccountViewController.swift */; };
		CE4A6D10BCFA38D1EB3ED60E /* Pods_LoginExampleSwiftUITests.framework in Frameworks */ = {isa = PBXBuildFile; fileRef = 71F63E27C4EDC89AD66FF710 /* Pods_LoginExampleSwiftUITests.framework */; };
/* End PBXBuildFile section */

/* Begin PBXContainerItemProxy section */
		93021DC01CBEA884008A369E /* PBXContainerItemProxy */ = {
			isa = PBXContainerItemProxy;
			containerPortal = 93021DA31CBEA883008A369E /* Project object */;
			proxyType = 1;
			remoteGlobalIDString = 93021DAA1CBEA883008A369E;
			remoteInfo = LoginExampleSwift;
		};
		93021DCB1CBEA884008A369E /* PBXContainerItemProxy */ = {
			isa = PBXContainerItemProxy;
			containerPortal = 93021DA31CBEA883008A369E /* Project object */;
			proxyType = 1;
			remoteGlobalIDString = 93021DAA1CBEA883008A369E;
			remoteInfo = LoginExampleSwift;
		};
/* End PBXContainerItemProxy section */

/* Begin PBXFileReference section */
		078DFB809A457A8D261A9A66 /* Pods-LoginExampleSwiftUITests.release.xcconfig */ = {isa = PBXFileReference; includeInIndex = 1; lastKnownFileType = text.xcconfig; name = "Pods-LoginExampleSwiftUITests.release.xcconfig"; path = "Pods/Target Support Files/Pods-LoginExampleSwiftUITests/Pods-LoginExampleSwiftUITests.release.xcconfig"; sourceTree = "<group>"; };
		08504E8CA60C45859EAB2B56 /* Pods-LoginExampleSwift.debug.xcconfig */ = {isa = PBXFileReference; includeInIndex = 1; lastKnownFileType = text.xcconfig; name = "Pods-LoginExampleSwift.debug.xcconfig"; path = "Pods/Target Support Files/Pods-LoginExampleSwift/Pods-LoginExampleSwift.debug.xcconfig"; sourceTree = "<group>"; };
		2633A7C60E10203607F5F632 /* Pods_LoginExampleSwift.framework */ = {isa = PBXFileReference; explicitFileType = wrapper.framework; includeInIndex = 0; path = Pods_LoginExampleSwift.framework; sourceTree = BUILT_PRODUCTS_DIR; };
		3F3E0411C23D0D0C296918CE /* Pods_LoginExampleSwiftTests.framework */ = {isa = PBXFileReference; explicitFileType = wrapper.framework; includeInIndex = 0; path = Pods_LoginExampleSwiftTests.framework; sourceTree = BUILT_PRODUCTS_DIR; };
		5483FF7BCC4AEAAF77E6AB21 /* Pods-LoginExampleSwiftTests.debug.xcconfig */ = {isa = PBXFileReference; includeInIndex = 1; lastKnownFileType = text.xcconfig; name = "Pods-LoginExampleSwiftTests.debug.xcconfig"; path = "Pods/Target Support Files/Pods-LoginExampleSwiftTests/Pods-LoginExampleSwiftTests.debug.xcconfig"; sourceTree = "<group>"; };
		61B38422C315CEB12B9FBDFA /* Pods-LoginExampleSwift.release.xcconfig */ = {isa = PBXFileReference; includeInIndex = 1; lastKnownFileType = text.xcconfig; name = "Pods-LoginExampleSwift.release.xcconfig"; path = "Pods/Target Support Files/Pods-LoginExampleSwift/Pods-LoginExampleSwift.release.xcconfig"; sourceTree = "<group>"; };
		71F63E27C4EDC89AD66FF710 /* Pods_LoginExampleSwiftUITests.framework */ = {isa = PBXFileReference; explicitFileType = wrapper.framework; includeInIndex = 0; path = Pods_LoginExampleSwiftUITests.framework; sourceTree = BUILT_PRODUCTS_DIR; };
		8EC68DE388A54A3F0AD10ECD /* Pods-LoginExampleSwiftTests.release.xcconfig */ = {isa = PBXFileReference; includeInIndex = 1; lastKnownFileType = text.xcconfig; name = "Pods-LoginExampleSwiftTests.release.xcconfig"; path = "Pods/Target Support Files/Pods-LoginExampleSwiftTests/Pods-LoginExampleSwiftTests.release.xcconfig"; sourceTree = "<group>"; };
		93021DAB1CBEA883008A369E /* LoginExampleSwift.app */ = {isa = PBXFileReference; explicitFileType = wrapper.application; includeInIndex = 0; path = LoginExampleSwift.app; sourceTree = BUILT_PRODUCTS_DIR; };
		93021DAE1CBEA883008A369E /* AppDelegate.swift */ = {isa = PBXFileReference; lastKnownFileType = sourcecode.swift; path = AppDelegate.swift; sourceTree = "<group>"; };
		93021DB01CBEA883008A369E /* ViewController.swift */ = {isa = PBXFileReference; lastKnownFileType = sourcecode.swift; path = ViewController.swift; sourceTree = "<group>"; };
		93021DB31CBEA883008A369E /* Base */ = {isa = PBXFileReference; lastKnownFileType = file.storyboard; name = Base; path = Base.lproj/Main.storyboard; sourceTree = "<group>"; };
		93021DB51CBEA883008A369E /* Assets.xcassets */ = {isa = PBXFileReference; lastKnownFileType = folder.assetcatalog; path = Assets.xcassets; sourceTree = "<group>"; };
		93021DB81CBEA883008A369E /* Base */ = {isa = PBXFileReference; lastKnownFileType = file.storyboard; name = Base; path = Base.lproj/LaunchScreen.storyboard; sourceTree = "<group>"; };
		93021DBA1CBEA883008A369E /* Info.plist */ = {isa = PBXFileReference; lastKnownFileType = text.plist.xml; path = Info.plist; sourceTree = "<group>"; };
		93021DBF1CBEA884008A369E /* LoginExampleSwiftTests.xctest */ = {isa = PBXFileReference; explicitFileType = wrapper.cfbundle; includeInIndex = 0; path = LoginExampleSwiftTests.xctest; sourceTree = BUILT_PRODUCTS_DIR; };
		93021DC31CBEA884008A369E /* LoginExampleSwiftTests.swift */ = {isa = PBXFileReference; lastKnownFileType = sourcecode.swift; path = LoginExampleSwiftTests.swift; sourceTree = "<group>"; };
		93021DC51CBEA884008A369E /* Info.plist */ = {isa = PBXFileReference; lastKnownFileType = text.plist.xml; path = Info.plist; sourceTree = "<group>"; };
		93021DCA1CBEA884008A369E /* LoginExampleSwiftUITests.xctest */ = {isa = PBXFileReference; explicitFileType = wrapper.cfbundle; includeInIndex = 0; path = LoginExampleSwiftUITests.xctest; sourceTree = BUILT_PRODUCTS_DIR; };
		93021DCE1CBEA884008A369E /* LoginExampleSwiftUITests.swift */ = {isa = PBXFileReference; lastKnownFileType = sourcecode.swift; path = LoginExampleSwiftUITests.swift; sourceTree = "<group>"; };
		93021DD01CBEA884008A369E /* Info.plist */ = {isa = PBXFileReference; lastKnownFileType = text.plist.xml; path = Info.plist; sourceTree = "<group>"; };
		9308C49E1CC1268600580524 /* Constants.swift */ = {isa = PBXFileReference; fileEncoding = 4; lastKnownFileType = sourcecode.swift; name = Constants.swift; path = ../Constants.swift; sourceTree = "<group>"; };
		9368D0811CC1280900D094AE /* DataService.swift */ = {isa = PBXFileReference; fileEncoding = 4; lastKnownFileType = sourcecode.swift; path = DataService.swift; sourceTree = "<group>"; };
		ABD37D178F7528586D4F9FC5 /* Pods.framework */ = {isa = PBXFileReference; explicitFileType = wrapper.framework; includeInIndex = 0; path = Pods.framework; sourceTree = BUILT_PRODUCTS_DIR; };
		B68A733A25D2A8648F3FA888 /* CreateAccountViewController.swift */ = {isa = PBXFileReference; fileEncoding = 4; lastKnownFileType = sourcecode.swift; path = CreateAccountViewController.swift; sourceTree = "<group>"; };
		C59E95000563E6FD47F79A6A /* Pods-LoginExampleSwiftUITests.debug.xcconfig */ = {isa = PBXFileReference; includeInIndex = 1; lastKnownFileType = text.xcconfig; name = "Pods-LoginExampleSwiftUITests.debug.xcconfig"; path = "Pods/Target Support Files/Pods-LoginExampleSwiftUITests/Pods-LoginExampleSwiftUITests.debug.xcconfig"; sourceTree = "<group>"; };
/* End PBXFileReference section */

/* Begin PBXFrameworksBuildPhase section */
		93021DA81CBEA883008A369E /* Frameworks */ = {
			isa = PBXFrameworksBuildPhase;
			buildActionMask = 2147483647;
			files = (
				4E8146F27512BE1826E06C36 /* Pods_LoginExampleSwift.framework in Frameworks */,
			);
			runOnlyForDeploymentPostprocessing = 0;
		};
		93021DBC1CBEA884008A369E /* Frameworks */ = {
			isa = PBXFrameworksBuildPhase;
			buildActionMask = 2147483647;
			files = (
				833481DE54BB73AB6E05B8D3 /* Pods_LoginExampleSwiftTests.framework in Frameworks */,
			);
			runOnlyForDeploymentPostprocessing = 0;
		};
		93021DC71CBEA884008A369E /* Frameworks */ = {
			isa = PBXFrameworksBuildPhase;
			buildActionMask = 2147483647;
			files = (
				CE4A6D10BCFA38D1EB3ED60E /* Pods_LoginExampleSwiftUITests.framework in Frameworks */,
			);
			runOnlyForDeploymentPostprocessing = 0;
		};
/* End PBXFrameworksBuildPhase section */

/* Begin PBXGroup section */
		16C4F40A50EBA0E3A6F62080 /* Pods */ = {
			isa = PBXGroup;
			children = (
				08504E8CA60C45859EAB2B56 /* Pods-LoginExampleSwift.debug.xcconfig */,
				61B38422C315CEB12B9FBDFA /* Pods-LoginExampleSwift.release.xcconfig */,
				5483FF7BCC4AEAAF77E6AB21 /* Pods-LoginExampleSwiftTests.debug.xcconfig */,
				8EC68DE388A54A3F0AD10ECD /* Pods-LoginExampleSwiftTests.release.xcconfig */,
				C59E95000563E6FD47F79A6A /* Pods-LoginExampleSwiftUITests.debug.xcconfig */,
				078DFB809A457A8D261A9A66 /* Pods-LoginExampleSwiftUITests.release.xcconfig */,
			);
			name = Pods;
			sourceTree = "<group>";
		};
		5DAA6E3349A781315737E8A4 /* Frameworks */ = {
			isa = PBXGroup;
			children = (
				ABD37D178F7528586D4F9FC5 /* Pods.framework */,
				2633A7C60E10203607F5F632 /* Pods_LoginExampleSwift.framework */,
				3F3E0411C23D0D0C296918CE /* Pods_LoginExampleSwiftTests.framework */,
				71F63E27C4EDC89AD66FF710 /* Pods_LoginExampleSwiftUITests.framework */,
			);
			name = Frameworks;
			sourceTree = "<group>";
		};
		93021DA21CBEA883008A369E = {
			isa = PBXGroup;
			children = (
				93021DAD1CBEA883008A369E /* LoginExampleSwift */,
				93021DC21CBEA884008A369E /* LoginExampleSwiftTests */,
				93021DCD1CBEA884008A369E /* LoginExampleSwiftUITests */,
				93021DAC1CBEA883008A369E /* Products */,
				5DAA6E3349A781315737E8A4 /* Frameworks */,
				16C4F40A50EBA0E3A6F62080 /* Pods */,
			);
			sourceTree = "<group>";
		};
		93021DAC1CBEA883008A369E /* Products */ = {
			isa = PBXGroup;
			children = (
				93021DAB1CBEA883008A369E /* LoginExampleSwift.app */,
				93021DBF1CBEA884008A369E /* LoginExampleSwiftTests.xctest */,
				93021DCA1CBEA884008A369E /* LoginExampleSwiftUITests.xctest */,
			);
			name = Products;
			sourceTree = "<group>";
		};
		93021DAD1CBEA883008A369E /* LoginExampleSwift */ = {
			isa = PBXGroup;
			children = (
				93021DAE1CBEA883008A369E /* AppDelegate.swift */,
				9308C49E1CC1268600580524 /* Constants.swift */,
				93021DB01CBEA883008A369E /* ViewController.swift */,
				93021DB21CBEA883008A369E /* Main.storyboard */,
				93021DB51CBEA883008A369E /* Assets.xcassets */,
				93021DB71CBEA883008A369E /* LaunchScreen.storyboard */,
				93021DBA1CBEA883008A369E /* Info.plist */,
				9368D0811CC1280900D094AE /* DataService.swift */,
				B68A733A25D2A8648F3FA888 /* CreateAccountViewController.swift */,
			);
			path = LoginExampleSwift;
			sourceTree = "<group>";
		};
		93021DC21CBEA884008A369E /* LoginExampleSwiftTests */ = {
			isa = PBXGroup;
			children = (
				93021DC31CBEA884008A369E /* LoginExampleSwiftTests.swift */,
				93021DC51CBEA884008A369E /* Info.plist */,
			);
			path = LoginExampleSwiftTests;
			sourceTree = "<group>";
		};
		93021DCD1CBEA884008A369E /* LoginExampleSwiftUITests */ = {
			isa = PBXGroup;
			children = (
				93021DCE1CBEA884008A369E /* LoginExampleSwiftUITests.swift */,
				93021DD01CBEA884008A369E /* Info.plist */,
			);
			path = LoginExampleSwiftUITests;
			sourceTree = "<group>";
		};
/* End PBXGroup section */

/* Begin PBXNativeTarget section */
		93021DAA1CBEA883008A369E /* LoginExampleSwift */ = {
			isa = PBXNativeTarget;
			buildConfigurationList = 93021DD31CBEA884008A369E /* Build configuration list for PBXNativeTarget "LoginExampleSwift" */;
			buildPhases = (
				F2E1D5A00B2F8C19FBE9A2EF /* 📦 Check Pods Manifest.lock */,
				93021DA71CBEA883008A369E /* Sources */,
				93021DA81CBEA883008A369E /* Frameworks */,
				93021DA91CBEA883008A369E /* Resources */,
				E0C495AA8E0FD975993A1AC9 /* 📦 Embed Pods Frameworks */,
				C3E64978BD0869FEC724C2DF /* 📦 Copy Pods Resources */,
			);
			buildRules = (
			);
			dependencies = (
			);
			name = LoginExampleSwift;
			productName = LoginExampleSwift;
			productReference = 93021DAB1CBEA883008A369E /* LoginExampleSwift.app */;
			productType = "com.apple.product-type.application";
		};
		93021DBE1CBEA884008A369E /* LoginExampleSwiftTests */ = {
			isa = PBXNativeTarget;
			buildConfigurationList = 93021DD61CBEA884008A369E /* Build configuration list for PBXNativeTarget "LoginExampleSwiftTests" */;
			buildPhases = (
				6B0BCAF22796868F06FD5E31 /* 📦 Check Pods Manifest.lock */,
				93021DBB1CBEA884008A369E /* Sources */,
				93021DBC1CBEA884008A369E /* Frameworks */,
				93021DBD1CBEA884008A369E /* Resources */,
				30CCA89D2E337403B3CA532B /* 📦 Embed Pods Frameworks */,
				B72333F4EA9B918E1E2C6E78 /* 📦 Copy Pods Resources */,
			);
			buildRules = (
			);
			dependencies = (
				93021DC11CBEA884008A369E /* PBXTargetDependency */,
			);
			name = LoginExampleSwiftTests;
			productName = LoginExampleSwiftTests;
			productReference = 93021DBF1CBEA884008A369E /* LoginExampleSwiftTests.xctest */;
			productType = "com.apple.product-type.bundle.unit-test";
		};
		93021DC91CBEA884008A369E /* LoginExampleSwiftUITests */ = {
			isa = PBXNativeTarget;
			buildConfigurationList = 93021DD91CBEA884008A369E /* Build configuration list for PBXNativeTarget "LoginExampleSwiftUITests" */;
			buildPhases = (
				A4F4220A5DF76BF3C6128F3E /* 📦 Check Pods Manifest.lock */,
				93021DC61CBEA884008A369E /* Sources */,
				93021DC71CBEA884008A369E /* Frameworks */,
				93021DC81CBEA884008A369E /* Resources */,
				F5E68615AB70169AE9747D18 /* 📦 Copy Pods Resources */,
			);
			buildRules = (
			);
			dependencies = (
				93021DCC1CBEA884008A369E /* PBXTargetDependency */,
			);
			name = LoginExampleSwiftUITests;
			productName = LoginExampleSwiftUITests;
			productReference = 93021DCA1CBEA884008A369E /* LoginExampleSwiftUITests.xctest */;
			productType = "com.apple.product-type.bundle.ui-testing";
		};
/* End PBXNativeTarget section */

/* Begin PBXProject section */
		93021DA31CBEA883008A369E /* Project object */ = {
			isa = PBXProject;
			attributes = {
				LastSwiftUpdateCheck = 0730;
				LastUpgradeCheck = 0730;
				ORGANIZATIONNAME = smonke;
				TargetAttributes = {
					93021DAA1CBEA883008A369E = {
						CreatedOnToolsVersion = 7.3;
						DevelopmentTeam = 9PPXGH49VB;
					};
					93021DBE1CBEA884008A369E = {
						CreatedOnToolsVersion = 7.3;
						DevelopmentTeam = 9PPXGH49VB;
						TestTargetID = 93021DAA1CBEA883008A369E;
					};
					93021DC91CBEA884008A369E = {
						CreatedOnToolsVersion = 7.3;
						DevelopmentTeam = 9PPXGH49VB;
						TestTargetID = 93021DAA1CBEA883008A369E;
					};
				};
			};
			buildConfigurationList = 93021DA61CBEA883008A369E /* Build configuration list for PBXProject "LoginExampleSwift" */;
			compatibilityVersion = "Xcode 3.2";
			developmentRegion = English;
			hasScannedForEncodings = 0;
			knownRegions = (
				en,
				Base,
			);
			mainGroup = 93021DA21CBEA883008A369E;
			productRefGroup = 93021DAC1CBEA883008A369E /* Products */;
			projectDirPath = "";
			projectRoot = "";
			targets = (
				93021DAA1CBEA883008A369E /* LoginExampleSwift */,
				93021DBE1CBEA884008A369E /* LoginExampleSwiftTests */,
				93021DC91CBEA884008A369E /* LoginExampleSwiftUITests */,
			);
		};
/* End PBXProject section */

/* Begin PBXResourcesBuildPhase section */
		93021DA91CBEA883008A369E /* Resources */ = {
			isa = PBXResourcesBuildPhase;
			buildActionMask = 2147483647;
			files = (
				93021DB91CBEA883008A369E /* LaunchScreen.storyboard in Resources */,
				93021DB61CBEA883008A369E /* Assets.xcassets in Resources */,
				93021DB41CBEA883008A369E /* Main.storyboard in Resources */,
			);
			runOnlyForDeploymentPostprocessing = 0;
		};
		93021DBD1CBEA884008A369E /* Resources */ = {
			isa = PBXResourcesBuildPhase;
			buildActionMask = 2147483647;
			files = (
			);
			runOnlyForDeploymentPostprocessing = 0;
		};
		93021DC81CBEA884008A369E /* Resources */ = {
			isa = PBXResourcesBuildPhase;
			buildActionMask = 2147483647;
			files = (
			);
			runOnlyForDeploymentPostprocessing = 0;
		};
/* End PBXResourcesBuildPhase section */

/* Begin PBXShellScriptBuildPhase section */
		30CCA89D2E337403B3CA532B /* 📦 Embed Pods Frameworks */ = {
			isa = PBXShellScriptBuildPhase;
			buildActionMask = 2147483647;
			files = (
			);
			inputPaths = (
			);
			name = "\uD83D\uDCE6 Embed Pods Frameworks";
			outputPaths = (
			);
			runOnlyForDeploymentPostprocessing = 0;
			shellPath = /bin/sh;
			shellScript = "\"${SRCROOT}/Pods/Target Support Files/Pods-LoginExampleSwiftTests/Pods-LoginExampleSwiftTests-frameworks.sh\"\n";
			showEnvVarsInLog = 0;
		};
		6B0BCAF22796868F06FD5E31 /* 📦 Check Pods Manifest.lock */ = {
			isa = PBXShellScriptBuildPhase;
			buildActionMask = 2147483647;
			files = (
			);
			inputPaths = (
			);
			name = "\uD83D\uDCE6 Check Pods Manifest.lock";
			outputPaths = (
			);
			runOnlyForDeploymentPostprocessing = 0;
			shellPath = /bin/sh;
			shellScript = "diff \"${PODS_ROOT}/../Podfile.lock\" \"${PODS_ROOT}/Manifest.lock\" > /dev/null\nif [[ $? != 0 ]] ; then\n    cat << EOM\nerror: The sandbox is not in sync with the Podfile.lock. Run 'pod install' or update your CocoaPods installation.\nEOM\n    exit 1\nfi\n";
			showEnvVarsInLog = 0;
		};
		A4F4220A5DF76BF3C6128F3E /* 📦 Check Pods Manifest.lock */ = {
			isa = PBXShellScriptBuildPhase;
			buildActionMask = 2147483647;
			files = (
			);
			inputPaths = (
			);
			name = "\uD83D\uDCE6 Check Pods Manifest.lock";
			outputPaths = (
			);
			runOnlyForDeploymentPostprocessing = 0;
			shellPath = /bin/sh;
			shellScript = "diff \"${PODS_ROOT}/../Podfile.lock\" \"${PODS_ROOT}/Manifest.lock\" > /dev/null\nif [[ $? != 0 ]] ; then\n    cat << EOM\nerror: The sandbox is not in sync with the Podfile.lock. Run 'pod install' or update your CocoaPods installation.\nEOM\n    exit 1\nfi\n";
			showEnvVarsInLog = 0;
		};
		B72333F4EA9B918E1E2C6E78 /* 📦 Copy Pods Resources */ = {
			isa = PBXShellScriptBuildPhase;
			buildActionMask = 2147483647;
			files = (
			);
			inputPaths = (
			);
			name = "\uD83D\uDCE6 Copy Pods Resources";
			outputPaths = (
			);
			runOnlyForDeploymentPostprocessing = 0;
			shellPath = /bin/sh;
			shellScript = "\"${SRCROOT}/Pods/Target Support Files/Pods-LoginExampleSwiftTests/Pods-LoginExampleSwiftTests-resources.sh\"\n";
			showEnvVarsInLog = 0;
		};
		C3E64978BD0869FEC724C2DF /* 📦 Copy Pods Resources */ = {
			isa = PBXShellScriptBuildPhase;
			buildActionMask = 2147483647;
			files = (
			);
			inputPaths = (
			);
			name = "\uD83D\uDCE6 Copy Pods Resources";
			outputPaths = (
			);
			runOnlyForDeploymentPostprocessing = 0;
			shellPath = /bin/sh;
			shellScript = "\"${SRCROOT}/Pods/Target Support Files/Pods-LoginExampleSwift/Pods-LoginExampleSwift-resources.sh\"\n";
			showEnvVarsInLog = 0;
		};
		E0C495AA8E0FD975993A1AC9 /* 📦 Embed Pods Frameworks */ = {
			isa = PBXShellScriptBuildPhase;
			buildActionMask = 2147483647;
			files = (
			);
			inputPaths = (
			);
			name = "\uD83D\uDCE6 Embed Pods Frameworks";
			outputPaths = (
			);
			runOnlyForDeploymentPostprocessing = 0;
			shellPath = /bin/sh;
			shellScript = "\"${SRCROOT}/Pods/Target Support Files/Pods-LoginExampleSwift/Pods-LoginExampleSwift-frameworks.sh\"\n";
			showEnvVarsInLog = 0;
		};
		F2E1D5A00B2F8C19FBE9A2EF /* 📦 Check Pods Manifest.lock */ = {
			isa = PBXShellScriptBuildPhase;
			buildActionMask = 2147483647;
			files = (
			);
			inputPaths = (
			);
			name = "\uD83D\uDCE6 Check Pods Manifest.lock";
			outputPaths = (
			);
			runOnlyForDeploymentPostprocessing = 0;
			shellPath = /bin/sh;
			shellScript = "diff \"${PODS_ROOT}/../Podfile.lock\" \"${PODS_ROOT}/Manifest.lock\" > /dev/null\nif [[ $? != 0 ]] ; then\n    cat << EOM\nerror: The sandbox is not in sync with the Podfile.lock. Run 'pod install' or update your CocoaPods installation.\nEOM\n    exit 1\nfi\n";
			showEnvVarsInLog = 0;
		};
		F5E68615AB70169AE9747D18 /* 📦 Copy Pods Resources */ = {
			isa = PBXShellScriptBuildPhase;
			buildActionMask = 2147483647;
			files = (
			);
			inputPaths = (
			);
			name = "\uD83D\uDCE6 Copy Pods Resources";
			outputPaths = (
			);
			runOnlyForDeploymentPostprocessing = 0;
			shellPath = /bin/sh;
			shellScript = "\"${SRCROOT}/Pods/Target Support Files/Pods-LoginExampleSwiftUITests/Pods-LoginExampleSwiftUITests-resources.sh\"\n";
			showEnvVarsInLog = 0;
		};
/* End PBXShellScriptBuildPhase section */

/* Begin PBXSourcesBuildPhase section */
		93021DA71CBEA883008A369E /* Sources */ = {
			isa = PBXSourcesBuildPhase;
			buildActionMask = 2147483647;
			files = (
				93021DB11CBEA883008A369E /* ViewController.swift in Sources */,
				93021DAF1CBEA883008A369E /* AppDelegate.swift in Sources */,
				9308C49F1CC1268600580524 /* Constants.swift in Sources */,
				9368D0821CC1280900D094AE /* DataService.swift in Sources */,
				B68A721CA8C3FA2CD5B14CE9 /* CreateAccountViewController.swift in Sources */,
			);
			runOnlyForDeploymentPostprocessing = 0;
		};
		93021DBB1CBEA884008A369E /* Sources */ = {
			isa = PBXSourcesBuildPhase;
			buildActionMask = 2147483647;
			files = (
				93021DC41CBEA884008A369E /* LoginExampleSwiftTests.swift in Sources */,
			);
			runOnlyForDeploymentPostprocessing = 0;
		};
		93021DC61CBEA884008A369E /* Sources */ = {
			isa = PBXSourcesBuildPhase;
			buildActionMask = 2147483647;
			files = (
				93021DCF1CBEA884008A369E /* LoginExampleSwiftUITests.swift in Sources */,
			);
			runOnlyForDeploymentPostprocessing = 0;
		};
/* End PBXSourcesBuildPhase section */

/* Begin PBXTargetDependency section */
		93021DC11CBEA884008A369E /* PBXTargetDependency */ = {
			isa = PBXTargetDependency;
			target = 93021DAA1CBEA883008A369E /* LoginExampleSwift */;
			targetProxy = 93021DC01CBEA884008A369E /* PBXContainerItemProxy */;
		};
		93021DCC1CBEA884008A369E /* PBXTargetDependency */ = {
			isa = PBXTargetDependency;
			target = 93021DAA1CBEA883008A369E /* LoginExampleSwift */;
			targetProxy = 93021DCB1CBEA884008A369E /* PBXContainerItemProxy */;
		};
/* End PBXTargetDependency section */

/* Begin PBXVariantGroup section */
		93021DB21CBEA883008A369E /* Main.storyboard */ = {
			isa = PBXVariantGroup;
			children = (
				93021DB31CBEA883008A369E /* Base */,
			);
			name = Main.storyboard;
			sourceTree = "<group>";
		};
		93021DB71CBEA883008A369E /* LaunchScreen.storyboard */ = {
			isa = PBXVariantGroup;
			children = (
				93021DB81CBEA883008A369E /* Base */,
			);
			name = LaunchScreen.storyboard;
			sourceTree = "<group>";
		};
/* End PBXVariantGroup section */

/* Begin XCBuildConfiguration section */
		93021DD11CBEA884008A369E /* Debug */ = {
			isa = XCBuildConfiguration;
			buildSettings = {
				ALWAYS_SEARCH_USER_PATHS = NO;
				CLANG_ANALYZER_NONNULL = YES;
				CLANG_CXX_LANGUAGE_STANDARD = "gnu++0x";
				CLANG_CXX_LIBRARY = "libc++";
				CLANG_ENABLE_MODULES = YES;
				CLANG_ENABLE_OBJC_ARC = YES;
				CLANG_WARN_BOOL_CONVERSION = YES;
				CLANG_WARN_CONSTANT_CONVERSION = YES;
				CLANG_WARN_DIRECT_OBJC_ISA_USAGE = YES_ERROR;
				CLANG_WARN_EMPTY_BODY = YES;
				CLANG_WARN_ENUM_CONVERSION = YES;
				CLANG_WARN_INT_CONVERSION = YES;
				CLANG_WARN_OBJC_ROOT_CLASS = YES_ERROR;
				CLANG_WARN_UNREACHABLE_CODE = YES;
				CLANG_WARN__DUPLICATE_METHOD_MATCH = YES;
				"CODE_SIGN_IDENTITY[sdk=iphoneos*]" = "iPhone Developer";
				COPY_PHASE_STRIP = NO;
				DEBUG_INFORMATION_FORMAT = dwarf;
				ENABLE_STRICT_OBJC_MSGSEND = YES;
				ENABLE_TESTABILITY = YES;
				GCC_C_LANGUAGE_STANDARD = gnu99;
				GCC_DYNAMIC_NO_PIC = NO;
				GCC_NO_COMMON_BLOCKS = YES;
				GCC_OPTIMIZATION_LEVEL = 0;
				GCC_PREPROCESSOR_DEFINITIONS = (
					"DEBUG=1",
					"$(inherited)",
				);
				GCC_WARN_64_TO_32_BIT_CONVERSION = YES;
				GCC_WARN_ABOUT_RETURN_TYPE = YES_ERROR;
				GCC_WARN_UNDECLARED_SELECTOR = YES;
				GCC_WARN_UNINITIALIZED_AUTOS = YES_AGGRESSIVE;
				GCC_WARN_UNUSED_FUNCTION = YES;
				GCC_WARN_UNUSED_VARIABLE = YES;
				IPHONEOS_DEPLOYMENT_TARGET = 9.3;
				MTL_ENABLE_DEBUG_INFO = YES;
				ONLY_ACTIVE_ARCH = YES;
				SDKROOT = iphoneos;
				SWIFT_OPTIMIZATION_LEVEL = "-Onone";
			};
			name = Debug;
		};
		93021DD21CBEA884008A369E /* Release */ = {
			isa = XCBuildConfiguration;
			buildSettings = {
				ALWAYS_SEARCH_USER_PATHS = NO;
				CLANG_ANALYZER_NONNULL = YES;
				CLANG_CXX_LANGUAGE_STANDARD = "gnu++0x";
				CLANG_CXX_LIBRARY = "libc++";
				CLANG_ENABLE_MODULES = YES;
				CLANG_ENABLE_OBJC_ARC = YES;
				CLANG_WARN_BOOL_CONVERSION = YES;
				CLANG_WARN_CONSTANT_CONVERSION = YES;
				CLANG_WARN_DIRECT_OBJC_ISA_USAGE = YES_ERROR;
				CLANG_WARN_EMPTY_BODY = YES;
				CLANG_WARN_ENUM_CONVERSION = YES;
				CLANG_WARN_INT_CONVERSION = YES;
				CLANG_WARN_OBJC_ROOT_CLASS = YES_ERROR;
				CLANG_WARN_UNREACHABLE_CODE = YES;
				CLANG_WARN__DUPLICATE_METHOD_MATCH = YES;
				"CODE_SIGN_IDENTITY[sdk=iphoneos*]" = "iPhone Developer";
				COPY_PHASE_STRIP = NO;
				DEBUG_INFORMATION_FORMAT = "dwarf-with-dsym";
				ENABLE_NS_ASSERTIONS = NO;
				ENABLE_STRICT_OBJC_MSGSEND = YES;
				GCC_C_LANGUAGE_STANDARD = gnu99;
				GCC_NO_COMMON_BLOCKS = YES;
				GCC_WARN_64_TO_32_BIT_CONVERSION = YES;
				GCC_WARN_ABOUT_RETURN_TYPE = YES_ERROR;
				GCC_WARN_UNDECLARED_SELECTOR = YES;
				GCC_WARN_UNINITIALIZED_AUTOS = YES_AGGRESSIVE;
				GCC_WARN_UNUSED_FUNCTION = YES;
				GCC_WARN_UNUSED_VARIABLE = YES;
				IPHONEOS_DEPLOYMENT_TARGET = 9.3;
				MTL_ENABLE_DEBUG_INFO = NO;
				SDKROOT = iphoneos;
				VALIDATE_PRODUCT = YES;
			};
			name = Release;
		};
		93021DD41CBEA884008A369E /* Debug */ = {
			isa = XCBuildConfiguration;
			baseConfigurationReference = 08504E8CA60C45859EAB2B56 /* Pods-LoginExampleSwift.debug.xcconfig */;
			buildSettings = {
				ASSETCATALOG_COMPILER_APPICON_NAME = AppIcon;
				INFOPLIST_FILE = LoginExampleSwift/Info.plist;
				LD_RUNPATH_SEARCH_PATHS = "$(inherited) @executable_path/Frameworks";
				PRODUCT_BUNDLE_IDENTIFIER = com.example.LoginExampleSwift;
				PRODUCT_NAME = "$(TARGET_NAME)";
			};
			name = Debug;
		};
		93021DD51CBEA884008A369E /* Release */ = {
			isa = XCBuildConfiguration;
			baseConfigurationReference = 61B38422C315CEB12B9FBDFA /* Pods-LoginExampleSwift.release.xcconfig */;
			buildSettings = {
				ASSETCATALOG_COMPILER_APPICON_NAME = AppIcon;
				INFOPLIST_FILE = LoginExampleSwift/Info.plist;
				LD_RUNPATH_SEARCH_PATHS = "$(inherited) @executable_path/Frameworks";
				PRODUCT_BUNDLE_IDENTIFIER = com.example.LoginExampleSwift;
				PRODUCT_NAME = "$(TARGET_NAME)";
			};
			name = Release;
		};
		93021DD71CBEA884008A369E /* Debug */ = {
			isa = XCBuildConfiguration;
			baseConfigurationReference = 5483FF7BCC4AEAAF77E6AB21 /* Pods-LoginExampleSwiftTests.debug.xcconfig */;
			buildSettings = {
				BUNDLE_LOADER = "$(TEST_HOST)";
				INFOPLIST_FILE = LoginExampleSwiftTests/Info.plist;
				LD_RUNPATH_SEARCH_PATHS = "$(inherited) @executable_path/Frameworks @loader_path/Frameworks";
				PRODUCT_BUNDLE_IDENTIFIER = com.example.LoginExampleSwiftTests;
				PRODUCT_NAME = "$(TARGET_NAME)";
				TEST_HOST = "$(BUILT_PRODUCTS_DIR)/LoginExampleSwift.app/LoginExampleSwift";
			};
			name = Debug;
		};
		93021DD81CBEA884008A369E /* Release */ = {
			isa = XCBuildConfiguration;
			baseConfigurationReference = 8EC68DE388A54A3F0AD10ECD /* Pods-LoginExampleSwiftTests.release.xcconfig */;
			buildSettings = {
				BUNDLE_LOADER = "$(TEST_HOST)";
				INFOPLIST_FILE = LoginExampleSwiftTests/Info.plist;
				LD_RUNPATH_SEARCH_PATHS = "$(inherited) @executable_path/Frameworks @loader_path/Frameworks";
				PRODUCT_BUNDLE_IDENTIFIER = com.example.LoginExampleSwiftTests;
				PRODUCT_NAME = "$(TARGET_NAME)";
				TEST_HOST = "$(BUILT_PRODUCTS_DIR)/LoginExampleSwift.app/LoginExampleSwift";
			};
			name = Release;
		};
		93021DDA1CBEA884008A369E /* Debug */ = {
			isa = XCBuildConfiguration;
			baseConfigurationReference = C59E95000563E6FD47F79A6A /* Pods-LoginExampleSwiftUITests.debug.xcconfig */;
			buildSettings = {
				INFOPLIST_FILE = LoginExampleSwiftUITests/Info.plist;
				LD_RUNPATH_SEARCH_PATHS = "$(inherited) @executable_path/Frameworks @loader_path/Frameworks";
				PRODUCT_BUNDLE_IDENTIFIER = com.example.LoginExampleSwiftUITests;
				PRODUCT_NAME = "$(TARGET_NAME)";
				TEST_TARGET_NAME = LoginExampleSwift;
			};
			name = Debug;
		};
		93021DDB1CBEA884008A369E /* Release */ = {
			isa = XCBuildConfiguration;
			baseConfigurationReference = 078DFB809A457A8D261A9A66 /* Pods-LoginExampleSwiftUITests.release.xcconfig */;
			buildSettings = {
				INFOPLIST_FILE = LoginExampleSwiftUITests/Info.plist;
				LD_RUNPATH_SEARCH_PATHS = "$(inherited) @executable_path/Frameworks @loader_path/Frameworks";
				PRODUCT_BUNDLE_IDENTIFIER = com.example.LoginExampleSwiftUITests;
				PRODUCT_NAME = "$(TARGET_NAME)";
				TEST_TARGET_NAME = LoginExampleSwift;
			};
			name = Release;
		};
/* End XCBuildConfiguration section */

/* Begin XCConfigurationList section */
		93021DA61CBEA883008A369E /* Build configuration list for PBXProject "LoginExampleSwift" */ = {
			isa = XCConfigurationList;
			buildConfigurations = (
				93021DD11CBEA884008A369E /* Debug */,
				93021DD21CBEA884008A369E /* Release */,
			);
			defaultConfigurationIsVisible = 0;
			defaultConfigurationName = Release;
		};
		93021DD31CBEA884008A369E /* Build configuration list for PBXNativeTarget "LoginExampleSwift" */ = {
			isa = XCConfigurationList;
			buildConfigurations = (
				93021DD41CBEA884008A369E /* Debug */,
				93021DD51CBEA884008A369E /* Release */,
			);
			defaultConfigurationIsVisible = 0;
			defaultConfigurationName = Release;
		};
		93021DD61CBEA884008A369E /* Build configuration list for PBXNativeTarget "LoginExampleSwiftTests" */ = {
			isa = XCConfigurationList;
			buildConfigurations = (
				93021DD71CBEA884008A369E /* Debug */,
				93021DD81CBEA884008A369E /* Release */,
			);
			defaultConfigurationIsVisible = 0;
			defaultConfigurationName = Release;
		};
		93021DD91CBEA884008A369E /* Build configuration list for PBXNativeTarget "LoginExampleSwiftUITests" */ = {
			isa = XCConfigurationList;
			buildConfigurations = (
				93021DDA1CBEA884008A369E /* Debug */,
				93021DDB1CBEA884008A369E /* Release */,
			);
			defaultConfigurationIsVisible = 0;
			defaultConfigurationName = Release;
		};
/* End XCConfigurationList section */
	};
	rootObject = 93021DA31CBEA883008A369E /* Project object */;
}
